{
  "name": "pro-skills-senior-full-stack-software-engineer",
  "version": "1.0.0",
  "lockfileVersion": 3,
  "requires": true,
  "packages": {
    "": {
      "name": "pro-skills-senior-full-stack-software-engineer",
      "version": "1.0.0",
      "hasInstallScript": true,
      "license": "MIT",
      "bin": {
        "pro-skills-senior-full-stack-software-engineer": "bin/setup.js",
        "skills": "bin/setup.js"
      },
      "devDependencies": {},
      "engines": {
        "node": ">=14.0.0"
      },
      "funding": {
        "type": "github",
        "url": "https://github.com/sponsors/salahAlssayani"
      }
    }
  }
}
